
Microsoft Visual Studio Solution File, Format Version 12.00
# Visual Studio 15
Project("{FAE04EC0-301F-11D3-BF4B-00C04F79EFBC}") = "Assembly-CSharp", "Assembly-CSharp.csproj", "{34BE67A8-9E1F-C210-BE84-18675C59075F}"
EndProject
Project("{FAE04EC0-301F-11D3-BF4B-00C04F79EFBC}") = "Assembly-CSharp-Editor", "Assembly-CSharp-Editor.csproj", "{87AFE8D1-682E-BB2D-0A18-9803635D6690}"
EndProject
Global
	GlobalSection(SolutionConfigurationPlatforms) = preSolution
		Debug|Any CPU = Debug|Any CPU
		Release|Any CPU = Release|Any CPU
	EndGlobalSection
	GlobalSection(ProjectConfigurationPlatforms) = postSolution
		{34BE67A8-9E1F-C210-BE84-18675C59075F}.Debug|Any CPU.ActiveCfg = Debug|Any CPU
		{34BE67A8-9E1F-C210-BE84-18675C59075F}.Debug|Any CPU.Build.0 = Debug|Any CPU
		{34BE67A8-9E1F-C210-BE84-18675C59075F}.Release|Any CPU.ActiveCfg = Release|Any CPU
		{34BE67A8-9E1F-C210-BE84-18675C59075F}.Release|Any CPU.Build.0 = Release|Any CPU
		{87AFE8D1-682E-BB2D-0A18-9803635D6690}.Debug|Any CPU.ActiveCfg = Debug|Any CPU
		{87AFE8D1-682E-BB2D-0A18-9803635D6690}.Debug|Any CPU.Build.0 = Debug|Any CPU
		{87AFE8D1-682E-BB2D-0A18-9803635D6690}.Release|Any CPU.ActiveCfg = Release|Any CPU
		{87AFE8D1-682E-BB2D-0A18-9803635D6690}.Release|Any CPU.Build.0 = Release|Any CPU
	EndGlobalSection
	GlobalSection(SolutionProperties) = preSolution
		HideSolutionNode = FALSE
	EndGlobalSection
EndGlobal
